
Microsoft Visual Studio Solution File, Format Version 12.00
# Visual Studio 15
VisualStudioVersion = 15.0.27703.2035
MinimumVisualStudioVersion = 10.0.40219.1
Project("{FAE04EC0-301F-11D3-BF4B-00C04F79EFBC}") = "DuckyVisual", "DuckyVisual.csproj", "{6BE8703D-5576-4330-A705-0B4DB5E2D122}"
EndProject
Global
	GlobalSection(SolutionConfigurationPlatforms) = preSolution
		Debug|Any CPU = Debug|Any CPU
		Release|Any CPU = Release|Any CPU
	EndGlobalSection
	GlobalSection(ProjectConfigurationPlatforms) = postSolution
		{6BE8703D-5576-4330-A705-0B4DB5E2D122}.Debug|Any CPU.ActiveCfg = Debug|Any CPU
		{6BE8703D-5576-4330-A705-0B4DB5E2D122}.Debug|Any CPU.Build.0 = Debug|Any CPU
		{6BE8703D-5576-4330-A705-0B4DB5E2D122}.Release|Any CPU.ActiveCfg = Release|Any CPU
		{6BE8703D-5576-4330-A705-0B4DB5E2D122}.Release|Any CPU.Build.0 = Release|Any CPU
	EndGlobalSection
	GlobalSection(SolutionProperties) = preSolution
		HideSolutionNode = FALSE
	EndGlobalSection
	GlobalSection(ExtensibilityGlobals) = postSolution
		SolutionGuid = {CE6C36C9-39F4-4A5C-8F4C-328732A230A1}
	EndGlobalSection
EndGlobal
